
Microsoft Visual Studio Solution File, Format Version 12.00
# Visual Studio 15
VisualStudioVersion = 15.0.28307.421
MinimumVisualStudioVersion = 10.0.40219.1
Project("{FAE04EC0-301F-11D3-BF4B-00C04F79EFBC}") = "SMove.Android", "SMove\SMove.Android\SMove.Android.csproj", "{1ECBAC82-1AF5-4C89-A6FB-3FF1186AE9C3}"
EndProject
Project("{FAE04EC0-301F-11D3-BF4B-00C04F79EFBC}") = "SMove.iOS", "SMove\SMove.iOS\SMove.iOS.csproj", "{EE734EC2-1986-48D9-B829-218FC5E5EA26}"
EndProject
Project("{9A19103F-16F7-4668-BE54-9A1E7A4F7556}") = "SMove", "SMove\SMove\SMove.csproj", "{D4B2B4CB-B33B-40A0-A391-7E1A92C95157}"
EndProject
Project("{FAE04EC0-301F-11D3-BF4B-00C04F79EFBC}") = "SMove.Domain", "SMove.Domain\SMove.Domain.csproj", "{3F2D51E6-5DFA-4FB2-AB14-0AF99D7E0BC8}"
EndProject
Project("{FAE04EC0-301F-11D3-BF4B-00C04F79EFBC}") = "SMove.Backend", "SMove.Backend\SMove.Backend.csproj", "{D12B3BA1-31D6-42B5-B1FB-4049D844AC17}"
EndProject
Project("{FAE04EC0-301F-11D3-BF4B-00C04F79EFBC}") = "SMove.API", "SMove.API\SMove.API.csproj", "{94C1D22F-47E5-42EE-AD34-93976FFF2B1C}"
EndProject
Global
	GlobalSection(SolutionConfigurationPlatforms) = preSolution
		Ad-Hoc|Any CPU = Ad-Hoc|Any CPU
		Ad-Hoc|iPhone = Ad-Hoc|iPhone
		Ad-Hoc|iPhoneSimulator = Ad-Hoc|iPhoneSimulator
		AppStore|Any CPU = AppStore|Any CPU
		AppStore|iPhone = AppStore|iPhone
		AppStore|iPhoneSimulator = AppStore|iPhoneSimulator
		Debug|Any CPU = Debug|Any CPU
		Debug|iPhone = Debug|iPhone
		Debug|iPhoneSimulator = Debug|iPhoneSimulator
		Release|Any CPU = Release|Any CPU
		Release|iPhone = Release|iPhone
		Release|iPhoneSimulator = Release|iPhoneSimulator
	EndGlobalSection
	GlobalSection(ProjectConfigurationPlatforms) = postSolution
		{1ECBAC82-1AF5-4C89-A6FB-3FF1186AE9C3}.Ad-Hoc|Any CPU.ActiveCfg = Release|Any CPU
		{1ECBAC82-1AF5-4C89-A6FB-3FF1186AE9C3}.Ad-Hoc|Any CPU.Build.0 = Release|Any CPU
		{1ECBAC82-1AF5-4C89-A6FB-3FF1186AE9C3}.Ad-Hoc|Any CPU.Deploy.0 = Release|Any CPU
		{1ECBAC82-1AF5-4C89-A6FB-3FF1186AE9C3}.Ad-Hoc|iPhone.ActiveCfg = Release|Any CPU
		{1ECBAC82-1AF5-4C89-A6FB-3FF1186AE9C3}.Ad-Hoc|iPhone.Build.0 = Release|Any CPU
		{1ECBAC82-1AF5-4C89-A6FB-3FF1186AE9C3}.Ad-Hoc|iPhone.Deploy.0 = Release|Any CPU
		{1ECBAC82-1AF5-4C89-A6FB-3FF1186AE9C3}.Ad-Hoc|iPhoneSimulator.ActiveCfg = Release|Any CPU
		{1ECBAC82-1AF5-4C89-A6FB-3FF1186AE9C3}.Ad-Hoc|iPhoneSimulator.Build.0 = Release|Any CPU
		{1ECBAC82-1AF5-4C89-A6FB-3FF1186AE9C3}.Ad-Hoc|iPhoneSimulator.Deploy.0 = Release|Any CPU
		{1ECBAC82-1AF5-4C89-A6FB-3FF1186AE9C3}.AppStore|Any CPU.ActiveCfg = Release|Any CPU
		{1ECBAC82-1AF5-4C89-A6FB-3FF1186AE9C3}.AppStore|Any CPU.Build.0 = Release|Any CPU
		{1ECBAC82-1AF5-4C89-A6FB-3FF1186AE9C3}.AppStore|Any CPU.Deploy.0 = Release|Any CPU
		{1ECBAC82-1AF5-4C89-A6FB-3FF1186AE9C3}.AppStore|iPhone.ActiveCfg = Release|Any CPU
		{1ECBAC82-1AF5-4C89-A6FB-3FF1186AE9C3}.AppStore|iPhone.Build.0 = Release|Any CPU
		{1ECBAC82-1AF5-4C89-A6FB-3FF1186AE9C3}.AppStore|iPhone.Deploy.0 = Release|Any CPU
		{1ECBAC82-1AF5-4C89-A6FB-3FF1186AE9C3}.AppStore|iPhoneSimulator.ActiveCfg = Release|Any CPU
		{1ECBAC82-1AF5-4C89-A6FB-3FF1186AE9C3}.AppStore|iPhoneSimulator.Build.0 = Release|Any CPU
		{1ECBAC82-1AF5-4C89-A6FB-3FF1186AE9C3}.AppStore|iPhoneSimulator.Deploy.0 = Release|Any CPU
		{1ECBAC82-1AF5-4C89-A6FB-3FF1186AE9C3}.Debug|Any CPU.ActiveCfg = Debug|Any CPU
		{1ECBAC82-1AF5-4C89-A6FB-3FF1186AE9C3}.Debug|Any CPU.Build.0 = Debug|Any CPU
		{1ECBAC82-1AF5-4C89-A6FB-3FF1186AE9C3}.Debug|Any CPU.Deploy.0 = Debug|Any CPU
		{1ECBAC82-1AF5-4C89-A6FB-3FF1186AE9C3}.Debug|iPhone.ActiveCfg = Debug|Any CPU
		{1ECBAC82-1AF5-4C89-A6FB-3FF1186AE9C3}.Debug|iPhone.Build.0 = Debug|Any CPU
		{1ECBAC82-1AF5-4C89-A6FB-3FF1186AE9C3}.Debug|iPhone.Deploy.0 = Debug|Any CPU
		{1ECBAC82-1AF5-4C89-A6FB-3FF1186AE9C3}.Debug|iPhoneSimulator.ActiveCfg = Debug|Any CPU
		{1ECBAC82-1AF5-4C89-A6FB-3FF1186AE9C3}.Debug|iPhoneSimulator.Build.0 = Debug|Any CPU
		{1ECBAC82-1AF5-4C89-A6FB-3FF1186AE9C3}.Debug|iPhoneSimulator.Deploy.0 = Debug|Any CPU
		{1ECBAC82-1AF5-4C89-A6FB-3FF1186AE9C3}.Release|Any CPU.ActiveCfg = Release|Any CPU
		{1ECBAC82-1AF5-4C89-A6FB-3FF1186AE9C3}.Release|Any CPU.Build.0 = Release|Any CPU
		{1ECBAC82-1AF5-4C89-A6FB-3FF1186AE9C3}.Release|Any CPU.Deploy.0 = Release|Any CPU
		{1ECBAC82-1AF5-4C89-A6FB-3FF1186AE9C3}.Release|iPhone.ActiveCfg = Release|Any CPU
		{1ECBAC82-1AF5-4C89-A6FB-3FF1186AE9C3}.Release|iPhone.Build.0 = Release|Any CPU
		{1ECBAC82-1AF5-4C89-A6FB-3FF1186AE9C3}.Release|iPhone.Deploy.0 = Release|Any CPU
		{1ECBAC82-1AF5-4C89-A6FB-3FF1186AE9C3}.Release|iPhoneSimulator.ActiveCfg = Release|Any CPU
		{1ECBAC82-1AF5-4C89-A6FB-3FF1186AE9C3}.Release|iPhoneSimulator.Build.0 = Release|Any CPU
		{1ECBAC82-1AF5-4C89-A6FB-3FF1186AE9C3}.Release|iPhoneSimulator.Deploy.0 = Release|Any CPU
		{EE734EC2-1986-48D9-B829-218FC5E5EA26}.Ad-Hoc|Any CPU.ActiveCfg = Ad-Hoc|iPhone
		{EE734EC2-1986-48D9-B829-218FC5E5EA26}.Ad-Hoc|Any CPU.Build.0 = Ad-Hoc|iPhone
		{EE734EC2-1986-48D9-B829-218FC5E5EA26}.Ad-Hoc|Any CPU.Deploy.0 = Ad-Hoc|iPhone
		{EE734EC2-1986-48D9-B829-218FC5E5EA26}.Ad-Hoc|iPhone.ActiveCfg = Ad-Hoc|iPhone
		{EE734EC2-1986-48D9-B829-218FC5E5EA26}.Ad-Hoc|iPhone.Build.0 = Ad-Hoc|iPhone
		{EE734EC2-1986-48D9-B829-218FC5E5EA26}.Ad-Hoc|iPhone.Deploy.0 = Ad-Hoc|iPhone
		{EE734EC2-1986-48D9-B829-218FC5E5EA26}.Ad-Hoc|iPhoneSimulator.ActiveCfg = Ad-Hoc|iPhoneSimulator
		{EE734EC2-1986-48D9-B829-218FC5E5EA26}.Ad-Hoc|iPhoneSimulator.Build.0 = Ad-Hoc|iPhoneSimulator
		{EE734EC2-1986-48D9-B829-218FC5E5EA26}.Ad-Hoc|iPhoneSimulator.Deploy.0 = Ad-Hoc|iPhoneSimulator
		{EE734EC2-1986-48D9-B829-218FC5E5EA26}.AppStore|Any CPU.ActiveCfg = AppStore|iPhone
		{EE734EC2-1986-48D9-B829-218FC5E5EA26}.AppStore|Any CPU.Build.0 = AppStore|iPhone
		{EE734EC2-1986-48D9-B829-218FC5E5EA26}.AppStore|Any CPU.Deploy.0 = AppStore|iPhone
		{EE734EC2-1986-48D9-B829-218FC5E5EA26}.AppStore|iPhone.ActiveCfg = AppStore|iPhone
		{EE734EC2-1986-48D9-B829-218FC5E5EA26}.AppStore|iPhone.Build.0 = AppStore|iPhone
		{EE734EC2-1986-48D9-B829-218FC5E5EA26}.AppStore|iPhone.Deploy.0 = AppStore|iPhone
		{EE734EC2-1986-48D9-B829-218FC5E5EA26}.AppStore|iPhoneSimulator.ActiveCfg = AppStore|iPhoneSimulator
		{EE734EC2-1986-48D9-B829-218FC5E5EA26}.AppStore|iPhoneSimulator.Build.0 = AppStore|iPhoneSimulator
		{EE734EC2-1986-48D9-B829-218FC5E5EA26}.AppStore|iPhoneSimulator.Deploy.0 = AppStore|iPhoneSimulator
		{EE734EC2-1986-48D9-B829-218FC5E5EA26}.Debug|Any CPU.ActiveCfg = Debug|iPhoneSimulator
		{EE734EC2-1986-48D9-B829-218FC5E5EA26}.Debug|Any CPU.Build.0 = Debug|iPhoneSimulator
		{EE734EC2-1986-48D9-B829-218FC5E5EA26}.Debug|Any CPU.Deploy.0 = Debug|iPhoneSimulator
		{EE734EC2-1986-48D9-B829-218FC5E5EA26}.Debug|iPhone.ActiveCfg = Debug|iPhone
		{EE734EC2-1986-48D9-B829-218FC5E5EA26}.Debug|iPhone.Build.0 = Debug|iPhone
		{EE734EC2-1986-48D9-B829-218FC5E5EA26}.Debug|iPhone.Deploy.0 = Debug|iPhone
		{EE734EC2-1986-48D9-B829-218FC5E5EA26}.Debug|iPhoneSimulator.ActiveCfg = Debug|iPhoneSimulator
		{EE734EC2-1986-48D9-B829-218FC5E5EA26}.Debug|iPhoneSimulator.Build.0 = Debug|iPhoneSimulator
		{EE734EC2-1986-48D9-B829-218FC5E5EA26}.Debug|iPhoneSimulator.Deploy.0 = Debug|iPhoneSimulator
		{EE734EC2-1986-48D9-B829-218FC5E5EA26}.Release|Any CPU.ActiveCfg = Release|iPhone
		{EE734EC2-1986-48D9-B829-218FC5E5EA26}.Release|Any CPU.Build.0 = Release|iPhone
		{EE734EC2-1986-48D9-B829-218FC5E5EA26}.Release|Any CPU.Deploy.0 = Release|iPhone
		{EE734EC2-1986-48D9-B829-218FC5E5EA26}.Release|iPhone.ActiveCfg = Release|iPhone
		{EE734EC2-1986-48D9-B829-218FC5E5EA26}.Release|iPhone.Build.0 = Release|iPhone
		{EE734EC2-1986-48D9-B829-218FC5E5EA26}.Release|iPhone.Deploy.0 = Release|iPhone
		{EE734EC2-1986-48D9-B829-218FC5E5EA26}.Release|iPhoneSimulator.ActiveCfg = Release|iPhoneSimulator
		{EE734EC2-1986-48D9-B829-218FC5E5EA26}.Release|iPhoneSimulator.Build.0 = Release|iPhoneSimulator
		{EE734EC2-1986-48D9-B829-218FC5E5EA26}.Release|iPhoneSimulator.Deploy.0 = Release|iPhoneSimulator
		{D4B2B4CB-B33B-40A0-A391-7E1A92C95157}.Ad-Hoc|Any CPU.ActiveCfg = Debug|Any CPU
		{D4B2B4CB-B33B-40A0-A391-7E1A92C95157}.Ad-Hoc|Any CPU.Build.0 = Debug|Any CPU
		{D4B2B4CB-B33B-40A0-A391-7E1A92C95157}.Ad-Hoc|Any CPU.Deploy.0 = Debug|Any CPU
		{D4B2B4CB-B33B-40A0-A391-7E1A92C95157}.Ad-Hoc|iPhone.ActiveCfg = Debug|Any CPU
		{D4B2B4CB-B33B-40A0-A391-7E1A92C95157}.Ad-Hoc|iPhone.Build.0 = Debug|Any CPU
		{D4B2B4CB-B33B-40A0-A391-7E1A92C95157}.Ad-Hoc|iPhone.Deploy.0 = Debug|Any CPU
		{D4B2B4CB-B33B-40A0-A391-7E1A92C95157}.Ad-Hoc|iPhoneSimulator.ActiveCfg = Debug|Any CPU
		{D4B2B4CB-B33B-40A0-A391-7E1A92C95157}.Ad-Hoc|iPhoneSimulator.Build.0 = Debug|Any CPU
		{D4B2B4CB-B33B-40A0-A391-7E1A92C95157}.Ad-Hoc|iPhoneSimulator.Deploy.0 = Debug|Any CPU
		{D4B2B4CB-B33B-40A0-A391-7E1A92C95157}.AppStore|Any CPU.ActiveCfg = Debug|Any CPU
		{D4B2B4CB-B33B-40A0-A391-7E1A92C95157}.AppStore|Any CPU.Build.0 = Debug|Any CPU
		{D4B2B4CB-B33B-40A0-A391-7E1A92C95157}.AppStore|Any CPU.Deploy.0 = Debug|Any CPU
		{D4B2B4CB-B33B-40A0-A391-7E1A92C95157}.AppStore|iPhone.ActiveCfg = Debug|Any CPU
		{D4B2B4CB-B33B-40A0-A391-7E1A92C95157}.AppStore|iPhone.Build.0 = Debug|Any CPU
		{D4B2B4CB-B33B-40A0-A391-7E1A92C95157}.AppStore|iPhone.Deploy.0 = Debug|Any CPU
		{D4B2B4CB-B33B-40A0-A391-7E1A92C95157}.AppStore|iPhoneSimulator.ActiveCfg = Debug|Any CPU
		{D4B2B4CB-B33B-40A0-A391-7E1A92C95157}.AppStore|iPhoneSimulator.Build.0 = Debug|Any CPU
		{D4B2B4CB-B33B-40A0-A391-7E1A92C95157}.AppStore|iPhoneSimulator.Deploy.0 = Debug|Any CPU
		{D4B2B4CB-B33B-40A0-A391-7E1A92C95157}.Debug|Any CPU.ActiveCfg = Debug|Any CPU
		{D4B2B4CB-B33B-40A0-A391-7E1A92C95157}.Debug|Any CPU.Build.0 = Debug|Any CPU
		{D4B2B4CB-B33B-40A0-A391-7E1A92C95157}.Debug|Any CPU.Deploy.0 = Debug|Any CPU
		{D4B2B4CB-B33B-40A0-A391-7E1A92C95157}.Debug|iPhone.ActiveCfg = Debug|Any CPU
		{D4B2B4CB-B33B-40A0-A391-7E1A92C95157}.Debug|iPhone.Build.0 = Debug|Any CPU
		{D4B2B4CB-B33B-40A0-A391-7E1A92C95157}.Debug|iPhone.Deploy.0 = Debug|Any CPU
		{D4B2B4CB-B33B-40A0-A391-7E1A92C95157}.Debug|iPhoneSimulator.ActiveCfg = Debug|Any CPU
		{D4B2B4CB-B33B-40A0-A391-7E1A92C95157}.Debug|iPhoneSimulator.Build.0 = Debug|Any CPU
		{D4B2B4CB-B33B-40A0-A391-7E1A92C95157}.Debug|iPhoneSimulator.Deploy.0 = Debug|Any CPU
		{D4B2B4CB-B33B-40A0-A391-7E1A92C95157}.Release|Any CPU.ActiveCfg = Release|Any CPU
		{D4B2B4CB-B33B-40A0-A391-7E1A92C95157}.Release|Any CPU.Build.0 = Release|Any CPU
		{D4B2B4CB-B33B-40A0-A391-7E1A92C95157}.Release|Any CPU.Deploy.0 = Release|Any CPU
		{D4B2B4CB-B33B-40A0-A391-7E1A92C95157}.Release|iPhone.ActiveCfg = Release|Any CPU
		{D4B2B4CB-B33B-40A0-A391-7E1A92C95157}.Release|iPhone.Build.0 = Release|Any CPU
		{D4B2B4CB-B33B-40A0-A391-7E1A92C95157}.Release|iPhone.Deploy.0 = Release|Any CPU
		{D4B2B4CB-B33B-40A0-A391-7E1A92C95157}.Release|iPhoneSimulator.ActiveCfg = Release|Any CPU
		{D4B2B4CB-B33B-40A0-A391-7E1A92C95157}.Release|iPhoneSimulator.Build.0 = Release|Any CPU
		{D4B2B4CB-B33B-40A0-A391-7E1A92C95157}.Release|iPhoneSimulator.Deploy.0 = Release|Any CPU
		{3F2D51E6-5DFA-4FB2-AB14-0AF99D7E0BC8}.Ad-Hoc|Any CPU.ActiveCfg = Release|Any CPU
		{3F2D51E6-5DFA-4FB2-AB14-0AF99D7E0BC8}.Ad-Hoc|Any CPU.Build.0 = Release|Any CPU
		{3F2D51E6-5DFA-4FB2-AB14-0AF99D7E0BC8}.Ad-Hoc|iPhone.ActiveCfg = Release|Any CPU
		{3F2D51E6-5DFA-4FB2-AB14-0AF99D7E0BC8}.Ad-Hoc|iPhone.Build.0 = Release|Any CPU
		{3F2D51E6-5DFA-4FB2-AB14-0AF99D7E0BC8}.Ad-Hoc|iPhoneSimulator.ActiveCfg = Release|Any CPU
		{3F2D51E6-5DFA-4FB2-AB14-0AF99D7E0BC8}.Ad-Hoc|iPhoneSimulator.Build.0 = Release|Any CPU
		{3F2D51E6-5DFA-4FB2-AB14-0AF99D7E0BC8}.AppStore|Any CPU.ActiveCfg = Release|Any CPU
		{3F2D51E6-5DFA-4FB2-AB14-0AF99D7E0BC8}.AppStore|Any CPU.Build.0 = Release|Any CPU
		{3F2D51E6-5DFA-4FB2-AB14-0AF99D7E0BC8}.AppStore|iPhone.ActiveCfg = Release|Any CPU
		{3F2D51E6-5DFA-4FB2-AB14-0AF99D7E0BC8}.AppStore|iPhone.Build.0 = Release|Any CPU
		{3F2D51E6-5DFA-4FB2-AB14-0AF99D7E0BC8}.AppStore|iPhoneSimulator.ActiveCfg = Release|Any CPU
		{3F2D51E6-5DFA-4FB2-AB14-0AF99D7E0BC8}.AppStore|iPhoneSimulator.Build.0 = Release|Any CPU
		{3F2D51E6-5DFA-4FB2-AB14-0AF99D7E0BC8}.Debug|Any CPU.ActiveCfg = Debug|Any CPU
		{3F2D51E6-5DFA-4FB2-AB14-0AF99D7E0BC8}.Debug|Any CPU.Build.0 = Debug|Any CPU
		{3F2D51E6-5DFA-4FB2-AB14-0AF99D7E0BC8}.Debug|iPhone.ActiveCfg = Debug|Any CPU
		{3F2D51E6-5DFA-4FB2-AB14-0AF99D7E0BC8}.Debug|iPhone.Build.0 = Debug|Any CPU
		{3F2D51E6-5DFA-4FB2-AB14-0AF99D7E0BC8}.Debug|iPhoneSimulator.ActiveCfg = Debug|Any CPU
		{3F2D51E6-5DFA-4FB2-AB14-0AF99D7E0BC8}.Debug|iPhoneSimulator.Build.0 = Debug|Any CPU
		{3F2D51E6-5DFA-4FB2-AB14-0AF99D7E0BC8}.Release|Any CPU.ActiveCfg = Release|Any CPU
		{3F2D51E6-5DFA-4FB2-AB14-0AF99D7E0BC8}.Release|Any CPU.Build.0 = Release|Any CPU
		{3F2D51E6-5DFA-4FB2-AB14-0AF99D7E0BC8}.Release|iPhone.ActiveCfg = Release|Any CPU
		{3F2D51E6-5DFA-4FB2-AB14-0AF99D7E0BC8}.Release|iPhone.Build.0 = Release|Any CPU
		{3F2D51E6-5DFA-4FB2-AB14-0AF99D7E0BC8}.Release|iPhoneSimulator.ActiveCfg = Release|Any CPU
		{3F2D51E6-5DFA-4FB2-AB14-0AF99D7E0BC8}.Release|iPhoneSimulator.Build.0 = Release|Any CPU
		{D12B3BA1-31D6-42B5-B1FB-4049D844AC17}.Ad-Hoc|Any CPU.ActiveCfg = Release|Any CPU
		{D12B3BA1-31D6-42B5-B1FB-4049D844AC17}.Ad-Hoc|Any CPU.Build.0 = Release|Any CPU
		{D12B3BA1-31D6-42B5-B1FB-4049D844AC17}.Ad-Hoc|iPhone.ActiveCfg = Release|Any CPU
		{D12B3BA1-31D6-42B5-B1FB-4049D844AC17}.Ad-Hoc|iPhone.Build.0 = Release|Any CPU
		{D12B3BA1-31D6-42B5-B1FB-4049D844AC17}.Ad-Hoc|iPhoneSimulator.ActiveCfg = Release|Any CPU
		{D12B3BA1-31D6-42B5-B1FB-4049D844AC17}.Ad-Hoc|iPhoneSimulator.Build.0 = Release|Any CPU
		{D12B3BA1-31D6-42B5-B1FB-4049D844AC17}.AppStore|Any CPU.ActiveCfg = Release|Any CPU
		{D12B3BA1-31D6-42B5-B1FB-4049D844AC17}.AppStore|Any CPU.Build.0 = Release|Any CPU
		{D12B3BA1-31D6-42B5-B1FB-4049D844AC17}.AppStore|iPhone.ActiveCfg = Release|Any CPU
		{D12B3BA1-31D6-42B5-B1FB-4049D844AC17}.AppStore|iPhone.Build.0 = Release|Any CPU
		{D12B3BA1-31D6-42B5-B1FB-4049D844AC17}.AppStore|iPhoneSimulator.ActiveCfg = Release|Any CPU
		{D12B3BA1-31D6-42B5-B1FB-4049D844AC17}.AppStore|iPhoneSimulator.Build.0 = Release|Any CPU
		{D12B3BA1-31D6-42B5-B1FB-4049D844AC17}.Debug|Any CPU.ActiveCfg = Debug|Any CPU
		{D12B3BA1-31D6-42B5-B1FB-4049D844AC17}.Debug|Any CPU.Build.0 = Debug|Any CPU
		{D12B3BA1-31D6-42B5-B1FB-4049D844AC17}.Debug|iPhone.ActiveCfg = Debug|Any CPU
		{D12B3BA1-31D6-42B5-B1FB-4049D844AC17}.Debug|iPhone.Build.0 = Debug|Any CPU
		{D12B3BA1-31D6-42B5-B1FB-4049D844AC17}.Debug|iPhoneSimulator.ActiveCfg = Debug|Any CPU
		{D12B3BA1-31D6-42B5-B1FB-4049D844AC17}.Debug|iPhoneSimulator.Build.0 = Debug|Any CPU
		{D12B3BA1-31D6-42B5-B1FB-4049D844AC17}.Release|Any CPU.ActiveCfg = Release|Any CPU
		{D12B3BA1-31D6-42B5-B1FB-4049D844AC17}.Release|Any CPU.Build.0 = Release|Any CPU
		{D12B3BA1-31D6-42B5-B1FB-4049D844AC17}.Release|iPhone.ActiveCfg = Release|Any CPU
		{D12B3BA1-31D6-42B5-B1FB-4049D844AC17}.Release|iPhone.Build.0 = Release|Any CPU
		{D12B3BA1-31D6-42B5-B1FB-4049D844AC17}.Release|iPhoneSimulator.ActiveCfg = Release|Any CPU
		{D12B3BA1-31D6-42B5-B1FB-4049D844AC17}.Release|iPhoneSimulator.Build.0 = Release|Any CPU
		{94C1D22F-47E5-42EE-AD34-93976FFF2B1C}.Ad-Hoc|Any CPU.ActiveCfg = Release|Any CPU
		{94C1D22F-47E5-42EE-AD34-93976FFF2B1C}.Ad-Hoc|Any CPU.Build.0 = Release|Any CPU
		{94C1D22F-47E5-42EE-AD34-93976FFF2B1C}.Ad-Hoc|iPhone.ActiveCfg = Release|Any CPU
		{94C1D22F-47E5-42EE-AD34-93976FFF2B1C}.Ad-Hoc|iPhone.Build.0 = Release|Any CPU
		{94C1D22F-47E5-42EE-AD34-93976FFF2B1C}.Ad-Hoc|iPhoneSimulator.ActiveCfg = Release|Any CPU
		{94C1D22F-47E5-42EE-AD34-93976FFF2B1C}.Ad-Hoc|iPhoneSimulator.Build.0 = Release|Any CPU
		{94C1D22F-47E5-42EE-AD34-93976FFF2B1C}.AppStore|Any CPU.ActiveCfg = Release|Any CPU
		{94C1D22F-47E5-42EE-AD34-93976FFF2B1C}.AppStore|Any CPU.Build.0 = Release|Any CPU
		{94C1D22F-47E5-42EE-AD34-93976FFF2B1C}.AppStore|iPhone.ActiveCfg = Release|Any CPU
		{94C1D22F-47E5-42EE-AD34-93976FFF2B1C}.AppStore|iPhone.Build.0 = Release|Any CPU
		{94C1D22F-47E5-42EE-AD34-93976FFF2B1C}.AppStore|iPhoneSimulator.ActiveCfg = Release|Any CPU
		{94C1D22F-47E5-42EE-AD34-93976FFF2B1C}.AppStore|iPhoneSimulator.Build.0 = Release|Any CPU
		{94C1D22F-47E5-42EE-AD34-93976FFF2B1C}.Debug|Any CPU.ActiveCfg = Debug|Any CPU
		{94C1D22F-47E5-42EE-AD34-93976FFF2B1C}.Debug|Any CPU.Build.0 = Debug|Any CPU
		{94C1D22F-47E5-42EE-AD34-93976FFF2B1C}.Debug|iPhone.ActiveCfg = Debug|Any CPU
		{94C1D22F-47E5-42EE-AD34-93976FFF2B1C}.Debug|iPhone.Build.0 = Debug|Any CPU
		{94C1D22F-47E5-42EE-AD34-93976FFF2B1C}.Debug|iPhoneSimulator.ActiveCfg = Debug|Any CPU
		{94C1D22F-47E5-42EE-AD34-93976FFF2B1C}.Debug|iPhoneSimulator.Build.0 = Debug|Any CPU
		{94C1D22F-47E5-42EE-AD34-93976FFF2B1C}.Release|Any CPU.ActiveCfg = Release|Any CPU
		{94C1D22F-47E5-42EE-AD34-93976FFF2B1C}.Release|Any CPU.Build.0 = Release|Any CPU
		{94C1D22F-47E5-42EE-AD34-93976FFF2B1C}.Release|iPhone.ActiveCfg = Release|Any CPU
		{94C1D22F-47E5-42EE-AD34-93976FFF2B1C}.Release|iPhone.Build.0 = Release|Any CPU
		{94C1D22F-47E5-42EE-AD34-93976FFF2B1C}.Release|iPhoneSimulator.ActiveCfg = Release|Any CPU
		{94C1D22F-47E5-42EE-AD34-93976FFF2B1C}.Release|iPhoneSimulator.Build.0 = Release|Any CPU
	EndGlobalSection
	GlobalSection(SolutionProperties) = preSolution
		HideSolutionNode = FALSE
	EndGlobalSection
	GlobalSection(ExtensibilityGlobals) = postSolution
		SolutionGuid = {11C5AFCB-5E36-4F4D-965F-474DE26E18B3}
	EndGlobalSection
EndGlobal
